// !$*UTF8*$!
{
	archiveVersion = 1;
	classes = {
	};
	objectVersion = 55;
	objects = {

/* Begin PBXBuildFile section */
		0475811828426844004D4876 /* Ingredient.swift in Sources */ = {isa = PBXBuildFile; fileRef = 0475811728426844004D4876 /* Ingredient.swift */; };
		0475811B28426A2E004D4876 /* ViewModel.swift in Sources */ = {isa = PBXBuildFile; fileRef = 0475811A28426A2E004D4876 /* ViewModel.swift */; };
		0475811F28428485004D4876 /* Test.swift in Sources */ = {isa = PBXBuildFile; fileRef = 0475811E28428485004D4876 /* Test.swift */; };
		04942DED283BC0BF00C6F447 /* CocktailAppApp.swift in Sources */ = {isa = PBXBuildFile; fileRef = 04942DEC283BC0BF00C6F447 /* CocktailAppApp.swift */; };
		04942DEF283BC0BF00C6F447 /* ContentView.swift in Sources */ = {isa = PBXBuildFile; fileRef = 04942DEE283BC0BF00C6F447 /* ContentView.swift */; };
		04942DF1283BC0C000C6F447 /* Assets.xcassets in Resources */ = {isa = PBXBuildFile; fileRef = 04942DF0283BC0C000C6F447 /* Assets.xcassets */; };
		04942DF4283BC0C000C6F447 /* Preview Assets.xcassets in Resources */ = {isa = PBXBuildFile; fileRef = 04942DF3283BC0C000C6F447 /* Preview Assets.xcassets */; };
		04942DFE283BC9CE00C6F447 /* TestPic.jpeg in Resources */ = {isa = PBXBuildFile; fileRef = 04942DFD283BC9CE00C6F447 /* TestPic.jpeg */; };
		04942E0A283BD42E00C6F447 /* drinkData.json in Resources */ = {isa = PBXBuildFile; fileRef = 04942E09283BD42E00C6F447 /* drinkData.json */; };
		04942E0F283BD52900C6F447 /* Drink.swift in Sources */ = {isa = PBXBuildFile; fileRef = 04942E0E283BD52900C6F447 /* Drink.swift */; };
		04942E1A283C77DB00C6F447 /* RcmdCard.swift in Sources */ = {isa = PBXBuildFile; fileRef = 04942E19283C77DB00C6F447 /* RcmdCard.swift */; };
		04942E1F283C7D6A00C6F447 /* DrinkRow.swift in Sources */ = {isa = PBXBuildFile; fileRef = 04942E1E283C7D6A00C6F447 /* DrinkRow.swift */; };
/* End PBXBuildFile section */

/* Begin PBXFileReference section */
		0475811728426844004D4876 /* Ingredient.swift */ = {isa = PBXFileReference; lastKnownFileType = sourcecode.swift; path = Ingredient.swift; sourceTree = "<group>"; };
		0475811A28426A2E004D4876 /* ViewModel.swift */ = {isa = PBXFileReference; lastKnownFileType = sourcecode.swift; path = ViewModel.swift; sourceTree = "<group>"; };
		0475811E28428485004D4876 /* Test.swift */ = {isa = PBXFileReference; lastKnownFileType = sourcecode.swift; path = Test.swift; sourceTree = "<group>"; };
		04942DE9283BC0BF00C6F447 /* CocktailApp.app */ = {isa = PBXFileReference; explicitFileType = wrapper.application; includeInIndex = 0; path = CocktailApp.app; sourceTree = BUILT_PRODUCTS_DIR; };
		04942DEC283BC0BF00C6F447 /* CocktailAppApp.swift */ = {isa = PBXFileReference; lastKnownFileType = sourcecode.swift; path = CocktailAppApp.swift; sourceTree = "<group>"; };
		04942DEE283BC0BF00C6F447 /* ContentView.swift */ = {isa = PBXFileReference; lastKnownFileType = sourcecode.swift; path = ContentView.swift; sourceTree = "<group>"; };
		04942DF0283BC0C000C6F447 /* Assets.xcassets */ = {isa = PBXFileReference; lastKnownFileType = folder.assetcatalog; path = Assets.xcassets; sourceTree = "<group>"; };
		04942DF3283BC0C000C6F447 /* Preview Assets.xcassets */ = {isa = PBXFileReference; lastKnownFileType = folder.assetcatalog; path = "Preview Assets.xcassets"; sourceTree = "<group>"; };
		04942DFD283BC9CE00C6F447 /* TestPic.jpeg */ = {isa = PBXFileReference; lastKnownFileType = image.jpeg; path = TestPic.jpeg; sourceTree = "<group>"; };
		04942E09283BD42E00C6F447 /* drinkData.json */ = {isa = PBXFileReference; fileEncoding = 4; lastKnownFileType = text.json; path = drinkData.json; sourceTree = "<group>"; };
		04942E0E283BD52900C6F447 /* Drink.swift */ = {isa = PBXFileReference; lastKnownFileType = sourcecode.swift; path = Drink.swift; sourceTree = "<group>"; };
		04942E19283C77DB00C6F447 /* RcmdCard.swift */ = {isa = PBXFileReference; lastKnownFileType = sourcecode.swift; path = RcmdCard.swift; sourceTree = "<group>"; };
		04942E1E283C7D6A00C6F447 /* DrinkRow.swift */ = {isa = PBXFileReference; lastKnownFileType = sourcecode.swift; path = DrinkRow.swift; sourceTree = "<group>"; };
/* End PBXFileReference section */

/* Begin PBXFrameworksBuildPhase section */
		04942DE6283BC0BF00C6F447 /* Frameworks */ = {
			isa = PBXFrameworksBuildPhase;
			buildActionMask = 2147483647;
			files = (
			);
			runOnlyForDeploymentPostprocessing = 0;
		};
/* End PBXFrameworksBuildPhase section */

/* Begin PBXGroup section */
		0475811928426A19004D4876 /* ViewModel */ = {
			isa = PBXGroup;
			children = (
				0475811A28426A2E004D4876 /* ViewModel.swift */,
			);
			path = ViewModel;
			sourceTree = "<group>";
		};
		04942DE0283BC0BF00C6F447 = {
			isa = PBXGroup;
			children = (
				04942DEB283BC0BF00C6F447 /* CocktailApp */,
				04942DEA283BC0BF00C6F447 /* Products */,
			);
			sourceTree = "<group>";
		};
		04942DEA283BC0BF00C6F447 /* Products */ = {
			isa = PBXGroup;
			children = (
				04942DE9283BC0BF00C6F447 /* CocktailApp.app */,
			);
			name = Products;
			sourceTree = "<group>";
		};
		04942DEB283BC0BF00C6F447 /* CocktailApp */ = {
			isa = PBXGroup;
			children = (
				04942DEC283BC0BF00C6F447 /* CocktailAppApp.swift */,
				04942DF0283BC0C000C6F447 /* Assets.xcassets */,
				04942DEE283BC0BF00C6F447 /* ContentView.swift */,
				04942DFA283BC12200C6F447 /* View */,
				04942E1B283C794400C6F447 /* DrinksList */,
				04942E08283BD3CA00C6F447 /* Resources */,
				04942E0B283BD4A700C6F447 /* Model */,
				0475811928426A19004D4876 /* ViewModel */,
				04942E10283BDA8C00C6F447 /* Services */,
				04942DF2283BC0C000C6F447 /* Preview Content */,
			);
			path = CocktailApp;
			sourceTree = "<group>";
		};
		04942DF2283BC0C000C6F447 /* Preview Content */ = {
			isa = PBXGroup;
			children = (
				04942DFD283BC9CE00C6F447 /* TestPic.jpeg */,
				04942DF3283BC0C000C6F447 /* Preview Assets.xcassets */,
			);
			path = "Preview Content";
			sourceTree = "<group>";
		};
		04942DFA283BC12200C6F447 /* View */ = {
			isa = PBXGroup;
			children = (
				04942E03283BCEAD00C6F447 /* Recommended */,
			);
			path = View;
			sourceTree = "<group>";
		};
		04942E03283BCEAD00C6F447 /* Recommended */ = {
			isa = PBXGroup;
			children = (
				04942E19283C77DB00C6F447 /* RcmdCard.swift */,
				0475811E28428485004D4876 /* Test.swift */,
			);
			path = Recommended;
			sourceTree = "<group>";
		};
		04942E08283BD3CA00C6F447 /* Resources */ = {
			isa = PBXGroup;
			children = (
				04942E09283BD42E00C6F447 /* drinkData.json */,
			);
			path = Resources;
			sourceTree = "<group>";
		};
		04942E0B283BD4A700C6F447 /* Model */ = {
			isa = PBXGroup;
			children = (
				04942E0E283BD52900C6F447 /* Drink.swift */,
				0475811728426844004D4876 /* Ingredient.swift */,
			);
			path = Model;
			sourceTree = "<group>";
		};
		04942E10283BDA8C00C6F447 /* Services */ = {
			isa = PBXGroup;
			children = (
			);
			path = Services;
			sourceTree = "<group>";
		};
		04942E1B283C794400C6F447 /* DrinksList */ = {
			isa = PBXGroup;
			children = (
				04942E1E283C7D6A00C6F447 /* DrinkRow.swift */,
			);
			path = DrinksList;
			sourceTree = "<group>";
		};
/* End PBXGroup section */

/* Begin PBXNativeTarget section */
		04942DE8283BC0BF00C6F447 /* CocktailApp */ = {
			isa = PBXNativeTarget;
			buildConfigurationList = 04942DF7283BC0C000C6F447 /* Build configuration list for PBXNativeTarget "CocktailApp" */;
			buildPhases = (
				04942DE5283BC0BF00C6F447 /* Sources */,
				04942DE6283BC0BF00C6F447 /* Frameworks */,
				04942DE7283BC0BF00C6F447 /* Resources */,
			);
			buildRules = (
			);
			dependencies = (
			);
			name = CocktailApp;
			productName = CocktailApp;
			productReference = 04942DE9283BC0BF00C6F447 /* CocktailApp.app */;
			productType = "com.apple.product-type.application";
		};
/* End PBXNativeTarget section */

/* Begin PBXProject section */
		04942DE1283BC0BF00C6F447 /* Project object */ = {
			isa = PBXProject;
			attributes = {
				BuildIndependentTargetsInParallel = 1;
				LastSwiftUpdateCheck = 1320;
				LastUpgradeCheck = 1320;
				TargetAttributes = {
					04942DE8283BC0BF00C6F447 = {
						CreatedOnToolsVersion = 13.2.1;
					};
				};
			};
			buildConfigurationList = 04942DE4283BC0BF00C6F447 /* Build configuration list for PBXProject "CocktailApp" */;
			compatibilityVersion = "Xcode 13.0";
			developmentRegion = en;
			hasScannedForEncodings = 0;
			knownRegions = (
				en,
				Base,
			);
			mainGroup = 04942DE0283BC0BF00C6F447;
			productRefGroup = 04942DEA283BC0BF00C6F447 /* Products */;
			projectDirPath = "";
			projectRoot = "";
			targets = (
				04942DE8283BC0BF00C6F447 /* CocktailApp */,
			);
		};
/* End PBXProject section */

/* Begin PBXResourcesBuildPhase section */
		04942DE7283BC0BF00C6F447 /* Resources */ = {
			isa = PBXResourcesBuildPhase;
			buildActionMask = 2147483647;
			files = (
				04942DFE283BC9CE00C6F447 /* TestPic.jpeg in Resources */,
				04942DF4283BC0C000C6F447 /* Preview Assets.xcassets in Resources */,
				04942E0A283BD42E00C6F447 /* drinkData.json in Resources */,
				04942DF1283BC0C000C6F447 /* Assets.xcassets in Resources */,
			);
			runOnlyForDeploymentPostprocessing = 0;
		};
/* End PBXResourcesBuildPhase section */

/* Begin PBXSourcesBuildPhase section */
		04942DE5283BC0BF00C6F447 /* Sources */ = {
			isa = PBXSourcesBuildPhase;
			buildActionMask = 2147483647;
			files = (
				04942DEF283BC0BF00C6F447 /* ContentView.swift in Sources */,
				04942E1F283C7D6A00C6F447 /* DrinkRow.swift in Sources */,
				0475811828426844004D4876 /* Ingredient.swift in Sources */,
				04942DED283BC0BF00C6F447 /* CocktailAppApp.swift in Sources */,
				04942E1A283C77DB00C6F447 /* RcmdCard.swift in Sources */,
				0475811F28428485004D4876 /* Test.swift in Sources */,
				04942E0F283BD52900C6F447 /* Drink.swift in Sources */,
				0475811B28426A2E004D4876 /* ViewModel.swift in Sources */,
			);
			runOnlyForDeploymentPostprocessing = 0;
		};
/* End PBXSourcesBuildPhase section */

/* Begin XCBuildConfiguration section */
		04942DF5283BC0C000C6F447 /* Debug */ = {
			isa = XCBuildConfiguration;
			buildSettings = {
				ALWAYS_SEARCH_USER_PATHS = NO;
				CLANG_ANALYZER_NONNULL = YES;
				CLANG_ANALYZER_NUMBER_OBJECT_CONVERSION = YES_AGGRESSIVE;
				CLANG_CXX_LANGUAGE_STANDARD = "gnu++17";
				CLANG_CXX_LIBRARY = "libc++";
				CLANG_ENABLE_MODULES = YES;
				CLANG_ENABLE_OBJC_ARC = YES;
				CLANG_ENABLE_OBJC_WEAK = YES;
				CLANG_WARN_BLOCK_CAPTURE_AUTORELEASING = YES;
				CLANG_WARN_BOOL_CONVERSION = YES;
				CLANG_WARN_COMMA = YES;
				CLANG_WARN_CONSTANT_CONVERSION = YES;
				CLANG_WARN_DEPRECATED_OBJC_IMPLEMENTATIONS = YES;
				CLANG_WARN_DIRECT_OBJC_ISA_USAGE = YES_ERROR;
				CLANG_WARN_DOCUMENTATION_COMMENTS = YES;
				CLANG_WARN_EMPTY_BODY = YES;
				CLANG_WARN_ENUM_CONVERSION = YES;
				CLANG_WARN_INFINITE_RECURSION = YES;
				CLANG_WARN_INT_CONVERSION = YES;
				CLANG_WARN_NON_LITERAL_NULL_CONVERSION = YES;
				CLANG_WARN_OBJC_IMPLICIT_RETAIN_SELF = YES;
				CLANG_WARN_OBJC_LITERAL_CONVERSION = YES;
				CLANG_WARN_OBJC_ROOT_CLASS = YES_ERROR;
				CLANG_WARN_QUOTED_INCLUDE_IN_FRAMEWORK_HEADER = YES;
				CLANG_WARN_RANGE_LOOP_ANALYSIS = YES;
				CLANG_WARN_STRICT_PROTOTYPES = YES;
				CLANG_WARN_SUSPICIOUS_MOVE = YES;
				CLANG_WARN_UNGUARDED_AVAILABILITY = YES_AGGRESSIVE;
				CLANG_WARN_UNREACHABLE_CODE = YES;
				CLANG_WARN__DUPLICATE_METHOD_MATCH = YES;
				COPY_PHASE_STRIP = NO;
				DEBUG_INFORMATION_FORMAT = dwarf;
				ENABLE_STRICT_OBJC_MSGSEND = YES;
				ENABLE_TESTABILITY = YES;
				GCC_C_LANGUAGE_STANDARD = gnu11;
				GCC_DYNAMIC_NO_PIC = NO;
				GCC_NO_COMMON_BLOCKS = YES;
				GCC_OPTIMIZATION_LEVEL = 0;
				GCC_PREPROCESSOR_DEFINITIONS = (
					"DEBUG=1",
					"$(inherited)",
				);
				GCC_WARN_64_TO_32_BIT_CONVERSION = YES;
				GCC_WARN_ABOUT_RETURN_TYPE = YES_ERROR;
				GCC_WARN_UNDECLARED_SELECTOR = YES;
				GCC_WARN_UNINITIALIZED_AUTOS = YES_AGGRESSIVE;
				GCC_WARN_UNUSED_FUNCTION = YES;
				GCC_WARN_UNUSED_VARIABLE = YES;
				IPHONEOS_DEPLOYMENT_TARGET = 15.2;
				MTL_ENABLE_DEBUG_INFO = INCLUDE_SOURCE;
				MTL_FAST_MATH = YES;
				ONLY_ACTIVE_ARCH = YES;
				SDKROOT = iphoneos;
				SWIFT_ACTIVE_COMPILATION_CONDITIONS = DEBUG;
				SWIFT_OPTIMIZATION_LEVEL = "-Onone";
			};
			name = Debug;
		};
		04942DF6283BC0C000C6F447 /* Release */ = {
			isa = XCBuildConfiguration;
			buildSettings = {
				ALWAYS_SEARCH_USER_PATHS = NO;
				CLANG_ANALYZER_NONNULL = YES;
				CLANG_ANALYZER_NUMBER_OBJECT_CONVERSION = YES_AGGRESSIVE;
				CLANG_CXX_LANGUAGE_STANDARD = "gnu++17";
				CLANG_CXX_LIBRARY = "libc++";
				CLANG_ENABLE_MODULES = YES;
				CLANG_ENABLE_OBJC_ARC = YES;
				CLANG_ENABLE_OBJC_WEAK = YES;
				CLANG_WARN_BLOCK_CAPTURE_AUTORELEASING = YES;
				CLANG_WARN_BOOL_CONVERSION = YES;
				CLANG_WARN_COMMA = YES;
				CLANG_WARN_CONSTANT_CONVERSION = YES;
				CLANG_WARN_DEPRECATED_OBJC_IMPLEMENTATIONS = YES;
				CLANG_WARN_DIRECT_OBJC_ISA_USAGE = YES_ERROR;
				CLANG_WARN_DOCUMENTATION_COMMENTS = YES;
				CLANG_WARN_EMPTY_BODY = YES;
				CLANG_WARN_ENUM_CONVERSION = YES;
				CLANG_WARN_INFINITE_RECURSION = YES;
				CLANG_WARN_INT_CONVERSION = YES;
				CLANG_WARN_NON_LITERAL_NULL_CONVERSION = YES;
				CLANG_WARN_OBJC_IMPLICIT_RETAIN_SELF = YES;
				CLANG_WARN_OBJC_LITERAL_CONVERSION = YES;
				CLANG_WARN_OBJC_ROOT_CLASS = YES_ERROR;
				CLANG_WARN_QUOTED_INCLUDE_IN_FRAMEWORK_HEADER = YES;
				CLANG_WARN_RANGE_LOOP_ANALYSIS = YES;
				CLANG_WARN_STRICT_PROTOTYPES = YES;
				CLANG_WARN_SUSPICIOUS_MOVE = YES;
				CLANG_WARN_UNGUARDED_AVAILABILITY = YES_AGGRESSIVE;
				CLANG_WARN_UNREACHABLE_CODE = YES;
				CLANG_WARN__DUPLICATE_METHOD_MATCH = YES;
				COPY_PHASE_STRIP = NO;
				DEBUG_INFORMATION_FORMAT = "dwarf-with-dsym";
				ENABLE_NS_ASSERTIONS = NO;
				ENABLE_STRICT_OBJC_MSGSEND = YES;
				GCC_C_LANGUAGE_STANDARD = gnu11;
				GCC_NO_COMMON_BLOCKS = YES;
				GCC_WARN_64_TO_32_BIT_CONVERSION = YES;
				GCC_WARN_ABOUT_RETURN_TYPE = YES_ERROR;
				GCC_WARN_UNDECLARED_SELECTOR = YES;
				GCC_WARN_UNINITIALIZED_AUTOS = YES_AGGRESSIVE;
				GCC_WARN_UNUSED_FUNCTION = YES;
				GCC_WARN_UNUSED_VARIABLE = YES;
				IPHONEOS_DEPLOYMENT_TARGET = 15.2;
				MTL_ENABLE_DEBUG_INFO = NO;
				MTL_FAST_MATH = YES;
				SDKROOT = iphoneos;
				SWIFT_COMPILATION_MODE = wholemodule;
				SWIFT_OPTIMIZATION_LEVEL = "-O";
				VALIDATE_PRODUCT = YES;
			};
			name = Release;
		};
		04942DF8283BC0C000C6F447 /* Debug */ = {
			isa = XCBuildConfiguration;
			buildSettings = {
				ASSETCATALOG_COMPILER_APPICON_NAME = AppIcon;
				ASSETCATALOG_COMPILER_GLOBAL_ACCENT_COLOR_NAME = AccentColor;
				CODE_SIGN_STYLE = Automatic;
				CURRENT_PROJECT_VERSION = 1;
				DEVELOPMENT_ASSET_PATHS = "\"CocktailApp/Preview Content\"";
				ENABLE_PREVIEWS = YES;
				GENERATE_INFOPLIST_FILE = YES;
				INFOPLIST_KEY_UIApplicationSceneManifest_Generation = YES;
				INFOPLIST_KEY_UIApplicationSupportsIndirectInputEvents = YES;
				INFOPLIST_KEY_UILaunchScreen_Generation = YES;
				INFOPLIST_KEY_UISupportedInterfaceOrientations_iPad = "UIInterfaceOrientationPortrait UIInterfaceOrientationPortraitUpsideDown UIInterfaceOrientationLandscapeLeft UIInterfaceOrientationLandscapeRight";
				INFOPLIST_KEY_UISupportedInterfaceOrientations_iPhone = "UIInterfaceOrientationPortrait UIInterfaceOrientationLandscapeLeft UIInterfaceOrientationLandscapeRight";
				LD_RUNPATH_SEARCH_PATHS = (
					"$(inherited)",
					"@executable_path/Frameworks",
				);
				MARKETING_VERSION = 1.0;
				PRODUCT_BUNDLE_IDENTIFIER = a.CocktailApp;
				PRODUCT_NAME = "$(TARGET_NAME)";
				SWIFT_EMIT_LOC_STRINGS = YES;
				SWIFT_VERSION = 5.0;
				TARGETED_DEVICE_FAMILY = "1,2";
			};
			name = Debug;
		};
		04942DF9283BC0C000C6F447 /* Release */ = {
			isa = XCBuildConfiguration;
			buildSettings = {
				ASSETCATALOG_COMPILER_APPICON_NAME = AppIcon;
				ASSETCATALOG_COMPILER_GLOBAL_ACCENT_COLOR_NAME = AccentColor;
				CODE_SIGN_STYLE = Automatic;
				CURRENT_PROJECT_VERSION = 1;
				DEVELOPMENT_ASSET_PATHS = "\"CocktailApp/Preview Content\"";
				ENABLE_PREVIEWS = YES;
				GENERATE_INFOPLIST_FILE = YES;
				INFOPLIST_KEY_UIApplicationSceneManifest_Generation = YES;
				INFOPLIST_KEY_UIApplicationSupportsIndirectInputEvents = YES;
				INFOPLIST_KEY_UILaunchScreen_Generation = YES;
				INFOPLIST_KEY_UISupportedInterfaceOrientations_iPad = "UIInterfaceOrientationPortrait UIInterfaceOrientationPortraitUpsideDown UIInterfaceOrientationLandscapeLeft UIInterfaceOrientationLandscapeRight";
				INFOPLIST_KEY_UISupportedInterfaceOrientations_iPhone = "UIInterfaceOrientationPortrait UIInterfaceOrientationLandscapeLeft UIInterfaceOrientationLandscapeRight";
				LD_RUNPATH_SEARCH_PATHS = (
					"$(inherited)",
					"@executable_path/Frameworks",
				);
				MARKETING_VERSION = 1.0;
				PRODUCT_BUNDLE_IDENTIFIER = a.CocktailApp;
				PRODUCT_NAME = "$(TARGET_NAME)";
				SWIFT_EMIT_LOC_STRINGS = YES;
				SWIFT_VERSION = 5.0;
				TARGETED_DEVICE_FAMILY = "1,2";
			};
			name = Release;
		};
/* End XCBuildConfiguration section */

/* Begin XCConfigurationList section */
		04942DE4283BC0BF00C6F447 /* Build configuration list for PBXProject "CocktailApp" */ = {
			isa = XCConfigurationList;
			buildConfigurations = (
				04942DF5283BC0C000C6F447 /* Debug */,
				04942DF6283BC0C000C6F447 /* Release */,
			);
			defaultConfigurationIsVisible = 0;
			defaultConfigurationName = Release;
		};
		04942DF7283BC0C000C6F447 /* Build configuration list for PBXNativeTarget "CocktailApp" */ = {
			isa = XCConfigurationList;
			buildConfigurations = (
				04942DF8283BC0C000C6F447 /* Debug */,
				04942DF9283BC0C000C6F447 /* Release */,
			);
			defaultConfigurationIsVisible = 0;
			defaultConfigurationName = Release;
		};
/* End XCConfigurationList section */
	};
	rootObject = 04942DE1283BC0BF00C6F447 /* Project object */;
}
